// !$*UTF8*$!
{
	archiveVersion = 1;
	classes = {
	};
	objectVersion = 56;
	objects = {

/* Begin PBXBuildFile section */
		3941EE5C2C1FC1CA004E2FDE /* NC2_NotificationApp.swift in Sources */ = {isa = PBXBuildFile; fileRef = 3941EE5B2C1FC1CA004E2FDE /* NC2_NotificationApp.swift */; };
		3941EE5E2C1FC1CA004E2FDE /* QuizMakerView.swift in Sources */ = {isa = PBXBuildFile; fileRef = 3941EE5D2C1FC1CA004E2FDE /* QuizMakerView.swift */; };
		3941EE602C1FC1CA004E2FDE /* Quiz.swift in Sources */ = {isa = PBXBuildFile; fileRef = 3941EE5F2C1FC1CA004E2FDE /* Quiz.swift */; };
		3941EE622C1FC1CB004E2FDE /* Assets.xcassets in Resources */ = {isa = PBXBuildFile; fileRef = 3941EE612C1FC1CB004E2FDE /* Assets.xcassets */; };
		3941EE652C1FC1CB004E2FDE /* Preview Assets.xcassets in Resources */ = {isa = PBXBuildFile; fileRef = 3941EE642C1FC1CB004E2FDE /* Preview Assets.xcassets */; };
		3941EE722C1FC440004E2FDE /* Launch Screen.storyboard in Resources */ = {isa = PBXBuildFile; fileRef = 3941EE712C1FC440004E2FDE /* Launch Screen.storyboard */; };
		3941EE742C1FE0CB004E2FDE /* QuizRegisterView.swift in Sources */ = {isa = PBXBuildFile; fileRef = 3941EE732C1FE0CB004E2FDE /* QuizRegisterView.swift */; };
		39CD45F12C2026A600CA8BCC /* QuizListRow.swift in Sources */ = {isa = PBXBuildFile; fileRef = 39CD45F02C2026A600CA8BCC /* QuizListRow.swift */; };
		39CD45F72C2053BF00CA8BCC /* Pretendard-Regular.otf in Resources */ = {isa = PBXBuildFile; fileRef = 39CD45F32C2053BF00CA8BCC /* Pretendard-Regular.otf */; };
		39CD45F82C2053BF00CA8BCC /* Pretendard-Bold.otf in Resources */ = {isa = PBXBuildFile; fileRef = 39CD45F42C2053BF00CA8BCC /* Pretendard-Bold.otf */; };
		39CD45F92C2053BF00CA8BCC /* Pretendard-SemiBold.otf in Resources */ = {isa = PBXBuildFile; fileRef = 39CD45F52C2053BF00CA8BCC /* Pretendard-SemiBold.otf */; };
		39CD45FA2C2053BF00CA8BCC /* Pretendard-Medium.otf in Resources */ = {isa = PBXBuildFile; fileRef = 39CD45F62C2053BF00CA8BCC /* Pretendard-Medium.otf */; };
		39CD45FD2C20540200CA8BCC /* Font+.swift in Sources */ = {isa = PBXBuildFile; fileRef = 39CD45FC2C20540200CA8BCC /* Font+.swift */; };
		39CD46012C205E6300CA8BCC /* NotificationManager.swift in Sources */ = {isa = PBXBuildFile; fileRef = 39CD46002C205E6300CA8BCC /* NotificationManager.swift */; };
		39CD46032C21180200CA8BCC /* ContentView.swift in Sources */ = {isa = PBXBuildFile; fileRef = 39CD46022C21180200CA8BCC /* ContentView.swift */; };
		39CD46082C211D7000CA8BCC /* Main.swift in Sources */ = {isa = PBXBuildFile; fileRef = 39CD46072C211D7000CA8BCC /* Main.swift */; };
		39CD460A2C211DAA00CA8BCC /* RoleButton.swift in Sources */ = {isa = PBXBuildFile; fileRef = 39CD46092C211DAA00CA8BCC /* RoleButton.swift */; };
		39CD460C2C212A3B00CA8BCC /* CustomerView.swift in Sources */ = {isa = PBXBuildFile; fileRef = 39CD460B2C212A3B00CA8BCC /* CustomerView.swift */; };
		39CD460E2C22ABB300CA8BCC /* NavigationManager.swift in Sources */ = {isa = PBXBuildFile; fileRef = 39CD460D2C22ABB200CA8BCC /* NavigationManager.swift */; };
/* End PBXBuildFile section */

/* Begin PBXFileReference section */
		3941EE582C1FC1CA004E2FDE /* NC2-Notification.app */ = {isa = PBXFileReference; explicitFileType = wrapper.application; includeInIndex = 0; path = "NC2-Notification.app"; sourceTree = BUILT_PRODUCTS_DIR; };
		3941EE5B2C1FC1CA004E2FDE /* NC2_NotificationApp.swift */ = {isa = PBXFileReference; lastKnownFileType = sourcecode.swift; path = NC2_NotificationApp.swift; sourceTree = "<group>"; };
		3941EE5D2C1FC1CA004E2FDE /* QuizMakerView.swift */ = {isa = PBXFileReference; lastKnownFileType = sourcecode.swift; path = QuizMakerView.swift; sourceTree = "<group>"; };
		3941EE5F2C1FC1CA004E2FDE /* Quiz.swift */ = {isa = PBXFileReference; lastKnownFileType = sourcecode.swift; path = Quiz.swift; sourceTree = "<group>"; };
		3941EE612C1FC1CB004E2FDE /* Assets.xcassets */ = {isa = PBXFileReference; lastKnownFileType = folder.assetcatalog; path = Assets.xcassets; sourceTree = "<group>"; };
		3941EE642C1FC1CB004E2FDE /* Preview Assets.xcassets */ = {isa = PBXFileReference; lastKnownFileType = folder.assetcatalog; path = "Preview Assets.xcassets"; sourceTree = "<group>"; };
		3941EE712C1FC440004E2FDE /* Launch Screen.storyboard */ = {isa = PBXFileReference; lastKnownFileType = file.storyboard; path = "Launch Screen.storyboard"; sourceTree = "<group>"; };
		3941EE732C1FE0CB004E2FDE /* QuizRegisterView.swift */ = {isa = PBXFileReference; lastKnownFileType = sourcecode.swift; path = QuizRegisterView.swift; sourceTree = "<group>"; };
		39CD45F02C2026A600CA8BCC /* QuizListRow.swift */ = {isa = PBXFileReference; lastKnownFileType = sourcecode.swift; path = QuizListRow.swift; sourceTree = "<group>"; };
		39CD45F32C2053BF00CA8BCC /* Pretendard-Regular.otf */ = {isa = PBXFileReference; lastKnownFileType = file; path = "Pretendard-Regular.otf"; sourceTree = "<group>"; };
		39CD45F42C2053BF00CA8BCC /* Pretendard-Bold.otf */ = {isa = PBXFileReference; lastKnownFileType = file; path = "Pretendard-Bold.otf"; sourceTree = "<group>"; };
		39CD45F52C2053BF00CA8BCC /* Pretendard-SemiBold.otf */ = {isa = PBXFileReference; lastKnownFileType = file; path = "Pretendard-SemiBold.otf"; sourceTree = "<group>"; };
		39CD45F62C2053BF00CA8BCC /* Pretendard-Medium.otf */ = {isa = PBXFileReference; lastKnownFileType = file; path = "Pretendard-Medium.otf"; sourceTree = "<group>"; };
		39CD45FC2C20540200CA8BCC /* Font+.swift */ = {isa = PBXFileReference; lastKnownFileType = sourcecode.swift; path = "Font+.swift"; sourceTree = "<group>"; };
		39CD45FE2C20553B00CA8BCC /* Info.plist */ = {isa = PBXFileReference; lastKnownFileType = text.plist.xml; path = Info.plist; sourceTree = "<group>"; };
		39CD46002C205E6300CA8BCC /* NotificationManager.swift */ = {isa = PBXFileReference; lastKnownFileType = sourcecode.swift; path = NotificationManager.swift; sourceTree = "<group>"; };
		39CD46022C21180200CA8BCC /* ContentView.swift */ = {isa = PBXFileReference; lastKnownFileType = sourcecode.swift; path = ContentView.swift; sourceTree = "<group>"; };
		39CD46072C211D7000CA8BCC /* Main.swift */ = {isa = PBXFileReference; lastKnownFileType = sourcecode.swift; path = Main.swift; sourceTree = "<group>"; };
		39CD46092C211DAA00CA8BCC /* RoleButton.swift */ = {isa = PBXFileReference; lastKnownFileType = sourcecode.swift; path = RoleButton.swift; sourceTree = "<group>"; };
		39CD460B2C212A3B00CA8BCC /* CustomerView.swift */ = {isa = PBXFileReference; lastKnownFileType = sourcecode.swift; path = CustomerView.swift; sourceTree = "<group>"; };
		39CD460D2C22ABB200CA8BCC /* NavigationManager.swift */ = {isa = PBXFileReference; lastKnownFileType = sourcecode.swift; path = NavigationManager.swift; sourceTree = "<group>"; };
/* End PBXFileReference section */

/* Begin PBXFrameworksBuildPhase section */
		3941EE552C1FC1CA004E2FDE /* Frameworks */ = {
			isa = PBXFrameworksBuildPhase;
			buildActionMask = 2147483647;
			files = (
			);
			runOnlyForDeploymentPostprocessing = 0;
		};
/* End PBXFrameworksBuildPhase section */

/* Begin PBXGroup section */
		3941EE4F2C1FC1CA004E2FDE = {
			isa = PBXGroup;
			children = (
				3941EE5A2C1FC1CA004E2FDE /* NC2-Notification */,
				3941EE592C1FC1CA004E2FDE /* Products */,
			);
			sourceTree = "<group>";
		};
		3941EE592C1FC1CA004E2FDE /* Products */ = {
			isa = PBXGroup;
			children = (
				3941EE582C1FC1CA004E2FDE /* NC2-Notification.app */,
			);
			name = Products;
			sourceTree = "<group>";
		};
		3941EE5A2C1FC1CA004E2FDE /* NC2-Notification */ = {
			isa = PBXGroup;
			children = (
				3941EE6C2C1FC40A004E2FDE /* Resource */,
				3941EE6B2C1FC401004E2FDE /* Source */,
				3941EE702C1FC426004E2FDE /* Supporting File */,
				3941EE632C1FC1CB004E2FDE /* Preview Content */,
			);
			path = "NC2-Notification";
			sourceTree = "<group>";
		};
		3941EE632C1FC1CB004E2FDE /* Preview Content */ = {
			isa = PBXGroup;
			children = (
				3941EE642C1FC1CB004E2FDE /* Preview Assets.xcassets */,
			);
			path = "Preview Content";
			sourceTree = "<group>";
		};
		3941EE6B2C1FC401004E2FDE /* Source */ = {
			isa = PBXGroup;
			children = (
				3941EE6F2C1FC41A004E2FDE /* App */,
				3941EE6E2C1FC414004E2FDE /* View */,
				3941EE6D2C1FC40F004E2FDE /* Model */,
				39CD45FF2C205E3400CA8BCC /* Helper */,
			);
			path = Source;
			sourceTree = "<group>";
		};
		3941EE6C2C1FC40A004E2FDE /* Resource */ = {
			isa = PBXGroup;
			children = (
				39CD45F22C20539800CA8BCC /* Font */,
				39CD45FB2C2053CE00CA8BCC /* Extension */,
				3941EE612C1FC1CB004E2FDE /* Assets.xcassets */,
			);
			path = Resource;
			sourceTree = "<group>";
		};
		3941EE6D2C1FC40F004E2FDE /* Model */ = {
			isa = PBXGroup;
			children = (
				3941EE5F2C1FC1CA004E2FDE /* Quiz.swift */,
			);
			path = Model;
			sourceTree = "<group>";
		};
		3941EE6E2C1FC414004E2FDE /* View */ = {
			isa = PBXGroup;
			children = (
				39CD46022C21180200CA8BCC /* ContentView.swift */,
				39CD46062C211D6400CA8BCC /* Main */,
				39CD46042C21180700CA8BCC /* Maker */,
				39CD46052C21186500CA8BCC /* Customer */,
			);
			path = View;
			sourceTree = "<group>";
		};
		3941EE6F2C1FC41A004E2FDE /* App */ = {
			isa = PBXGroup;
			children = (
				3941EE5B2C1FC1CA004E2FDE /* NC2_NotificationApp.swift */,
			);
			path = App;
			sourceTree = "<group>";
		};
		3941EE702C1FC426004E2FDE /* Supporting File */ = {
			isa = PBXGroup;
			children = (
				39CD45FE2C20553B00CA8BCC /* Info.plist */,
				3941EE712C1FC440004E2FDE /* Launch Screen.storyboard */,
			);
			path = "Supporting File";
			sourceTree = "<group>";
		};
		39CD45F22C20539800CA8BCC /* Font */ = {
			isa = PBXGroup;
			children = (
				39CD45F42C2053BF00CA8BCC /* Pretendard-Bold.otf */,
				39CD45F52C2053BF00CA8BCC /* Pretendard-SemiBold.otf */,
				39CD45F32C2053BF00CA8BCC /* Pretendard-Regular.otf */,
				39CD45F62C2053BF00CA8BCC /* Pretendard-Medium.otf */,
			);
			path = Font;
			sourceTree = "<group>";
		};
		39CD45FB2C2053CE00CA8BCC /* Extension */ = {
			isa = PBXGroup;
			children = (
				39CD45FC2C20540200CA8BCC /* Font+.swift */,
			);
			path = Extension;
			sourceTree = "<group>";
		};
		39CD45FF2C205E3400CA8BCC /* Helper */ = {
			isa = PBXGroup;
			children = (
				39CD46002C205E6300CA8BCC /* NotificationManager.swift */,
				39CD460D2C22ABB200CA8BCC /* NavigationManager.swift */,
			);
			path = Helper;
			sourceTree = "<group>";
		};
		39CD46042C21180700CA8BCC /* Maker */ = {
			isa = PBXGroup;
			children = (
				3941EE5D2C1FC1CA004E2FDE /* QuizMakerView.swift */,
				3941EE732C1FE0CB004E2FDE /* QuizRegisterView.swift */,
				39CD45F02C2026A600CA8BCC /* QuizListRow.swift */,
			);
			path = Maker;
			sourceTree = "<group>";
		};
		39CD46052C21186500CA8BCC /* Customer */ = {
			isa = PBXGroup;
			children = (
				39CD460B2C212A3B00CA8BCC /* CustomerView.swift */,
			);
			path = Customer;
			sourceTree = "<group>";
		};
		39CD46062C211D6400CA8BCC /* Main */ = {
			isa = PBXGroup;
			children = (
				39CD46072C211D7000CA8BCC /* Main.swift */,
				39CD46092C211DAA00CA8BCC /* RoleButton.swift */,
			);
			path = Main;
			sourceTree = "<group>";
		};
/* End PBXGroup section */

/* Begin PBXNativeTarget section */
		3941EE572C1FC1CA004E2FDE /* NC2-Notification */ = {
			isa = PBXNativeTarget;
			buildConfigurationList = 3941EE682C1FC1CB004E2FDE /* Build configuration list for PBXNativeTarget "NC2-Notification" */;
			buildPhases = (
				3941EE542C1FC1CA004E2FDE /* Sources */,
				3941EE552C1FC1CA004E2FDE /* Frameworks */,
				3941EE562C1FC1CA004E2FDE /* Resources */,
			);
			buildRules = (
			);
			dependencies = (
			);
			name = "NC2-Notification";
			productName = "NC2-Notification";
			productReference = 3941EE582C1FC1CA004E2FDE /* NC2-Notification.app */;
			productType = "com.apple.product-type.application";
		};
/* End PBXNativeTarget section */

/* Begin PBXProject section */
		3941EE502C1FC1CA004E2FDE /* Project object */ = {
			isa = PBXProject;
			attributes = {
				BuildIndependentTargetsInParallel = 1;
				LastSwiftUpdateCheck = 1540;
				LastUpgradeCheck = 1540;
				TargetAttributes = {
					3941EE572C1FC1CA004E2FDE = {
						CreatedOnToolsVersion = 15.4;
					};
				};
			};
			buildConfigurationList = 3941EE532C1FC1CA004E2FDE /* Build configuration list for PBXProject "NC2-Notification" */;
			compatibilityVersion = "Xcode 14.0";
			developmentRegion = en;
			hasScannedForEncodings = 0;
			knownRegions = (
				en,
				Base,
			);
			mainGroup = 3941EE4F2C1FC1CA004E2FDE;
			productRefGroup = 3941EE592C1FC1CA004E2FDE /* Products */;
			projectDirPath = "";
			projectRoot = "";
			targets = (
				3941EE572C1FC1CA004E2FDE /* NC2-Notification */,
			);
		};
/* End PBXProject section */

/* Begin PBXResourcesBuildPhase section */
		3941EE562C1FC1CA004E2FDE /* Resources */ = {
			isa = PBXResourcesBuildPhase;
			buildActionMask = 2147483647;
			files = (
				39CD45FA2C2053BF00CA8BCC /* Pretendard-Medium.otf in Resources */,
				3941EE722C1FC440004E2FDE /* Launch Screen.storyboard in Resources */,
				39CD45F82C2053BF00CA8BCC /* Pretendard-Bold.otf in Resources */,
				39CD45F72C2053BF00CA8BCC /* Pretendard-Regular.otf in Resources */,
				39CD45F92C2053BF00CA8BCC /* Pretendard-SemiBold.otf in Resources */,
				3941EE652C1FC1CB004E2FDE /* Preview Assets.xcassets in Resources */,
				3941EE622C1FC1CB004E2FDE /* Assets.xcassets in Resources */,
			);
			runOnlyForDeploymentPostprocessing = 0;
		};
/* End PBXResourcesBuildPhase section */

/* Begin PBXSourcesBuildPhase section */
		3941EE542C1FC1CA004E2FDE /* Sources */ = {
			isa = PBXSourcesBuildPhase;
			buildActionMask = 2147483647;
			files = (
				39CD46082C211D7000CA8BCC /* Main.swift in Sources */,
				39CD45FD2C20540200CA8BCC /* Font+.swift in Sources */,
				3941EE5E2C1FC1CA004E2FDE /* QuizMakerView.swift in Sources */,
				39CD460A2C211DAA00CA8BCC /* RoleButton.swift in Sources */,
				39CD46032C21180200CA8BCC /* ContentView.swift in Sources */,
				39CD460E2C22ABB300CA8BCC /* NavigationManager.swift in Sources */,
				3941EE742C1FE0CB004E2FDE /* QuizRegisterView.swift in Sources */,
				3941EE602C1FC1CA004E2FDE /* Quiz.swift in Sources */,
				39CD46012C205E6300CA8BCC /* NotificationManager.swift in Sources */,
				39CD460C2C212A3B00CA8BCC /* CustomerView.swift in Sources */,
				3941EE5C2C1FC1CA004E2FDE /* NC2_NotificationApp.swift in Sources */,
				39CD45F12C2026A600CA8BCC /* QuizListRow.swift in Sources */,
			);
			runOnlyForDeploymentPostprocessing = 0;
		};
/* End PBXSourcesBuildPhase section */

/* Begin XCBuildConfiguration section */
		3941EE662C1FC1CB004E2FDE /* Debug */ = {
			isa = XCBuildConfiguration;
			buildSettings = {
				ALWAYS_SEARCH_USER_PATHS = NO;
				ASSETCATALOG_COMPILER_GENERATE_SWIFT_ASSET_SYMBOL_EXTENSIONS = YES;
				CLANG_ANALYZER_NONNULL = YES;
				CLANG_ANALYZER_NUMBER_OBJECT_CONVERSION = YES_AGGRESSIVE;
				CLANG_CXX_LANGUAGE_STANDARD = "gnu++20";
				CLANG_ENABLE_MODULES = YES;
				CLANG_ENABLE_OBJC_ARC = YES;
				CLANG_ENABLE_OBJC_WEAK = YES;
				CLANG_WARN_BLOCK_CAPTURE_AUTORELEASING = YES;
				CLANG_WARN_BOOL_CONVERSION = YES;
				CLANG_WARN_COMMA = YES;
				CLANG_WARN_CONSTANT_CONVERSION = YES;
				CLANG_WARN_DEPRECATED_OBJC_IMPLEMENTATIONS = YES;
				CLANG_WARN_DIRECT_OBJC_ISA_USAGE = YES_ERROR;
				CLANG_WARN_DOCUMENTATION_COMMENTS = YES;
				CLANG_WARN_EMPTY_BODY = YES;
				CLANG_WARN_ENUM_CONVERSION = YES;
				CLANG_WARN_INFINITE_RECURSION = YES;
				CLANG_WARN_INT_CONVERSION = YES;
				CLANG_WARN_NON_LITERAL_NULL_CONVERSION = YES;
				CLANG_WARN_OBJC_IMPLICIT_RETAIN_SELF = YES;
				CLANG_WARN_OBJC_LITERAL_CONVERSION = YES;
				CLANG_WARN_OBJC_ROOT_CLASS = YES_ERROR;
				CLANG_WARN_QUOTED_INCLUDE_IN_FRAMEWORK_HEADER = YES;
				CLANG_WARN_RANGE_LOOP_ANALYSIS = YES;
				CLANG_WARN_STRICT_PROTOTYPES = YES;
				CLANG_WARN_SUSPICIOUS_MOVE = YES;
				CLANG_WARN_UNGUARDED_AVAILABILITY = YES_AGGRESSIVE;
				CLANG_WARN_UNREACHABLE_CODE = YES;
				CLANG_WARN__DUPLICATE_METHOD_MATCH = YES;
				COPY_PHASE_STRIP = NO;
				DEBUG_INFORMATION_FORMAT = dwarf;
				ENABLE_STRICT_OBJC_MSGSEND = YES;
				ENABLE_TESTABILITY = YES;
				ENABLE_USER_SCRIPT_SANDBOXING = YES;
				GCC_C_LANGUAGE_STANDARD = gnu17;
				GCC_DYNAMIC_NO_PIC = NO;
				GCC_NO_COMMON_BLOCKS = YES;
				GCC_OPTIMIZATION_LEVEL = 0;
				GCC_PREPROCESSOR_DEFINITIONS = (
					"DEBUG=1",
					"$(inherited)",
				);
				GCC_WARN_64_TO_32_BIT_CONVERSION = YES;
				GCC_WARN_ABOUT_RETURN_TYPE = YES_ERROR;
				GCC_WARN_UNDECLARED_SELECTOR = YES;
				GCC_WARN_UNINITIALIZED_AUTOS = YES_AGGRESSIVE;
				GCC_WARN_UNUSED_FUNCTION = YES;
				GCC_WARN_UNUSED_VARIABLE = YES;
				IPHONEOS_DEPLOYMENT_TARGET = 17.0;
				LOCALIZATION_PREFERS_STRING_CATALOGS = YES;
				MTL_ENABLE_DEBUG_INFO = INCLUDE_SOURCE;
				MTL_FAST_MATH = YES;
				ONLY_ACTIVE_ARCH = YES;
				SDKROOT = iphoneos;
				SWIFT_ACTIVE_COMPILATION_CONDITIONS = "DEBUG $(inherited)";
				SWIFT_OPTIMIZATION_LEVEL = "-Onone";
			};
			name = Debug;
		};
		3941EE672C1FC1CB004E2FDE /* Release */ = {
			isa = XCBuildConfiguration;
			buildSettings = {
				ALWAYS_SEARCH_USER_PATHS = NO;
				ASSETCATALOG_COMPILER_GENERATE_SWIFT_ASSET_SYMBOL_EXTENSIONS = YES;
				CLANG_ANALYZER_NONNULL = YES;
				CLANG_ANALYZER_NUMBER_OBJECT_CONVERSION = YES_AGGRESSIVE;
				CLANG_CXX_LANGUAGE_STANDARD = "gnu++20";
				CLANG_ENABLE_MODULES = YES;
				CLANG_ENABLE_OBJC_ARC = YES;
				CLANG_ENABLE_OBJC_WEAK = YES;
				CLANG_WARN_BLOCK_CAPTURE_AUTORELEASING = YES;
				CLANG_WARN_BOOL_CONVERSION = YES;
				CLANG_WARN_COMMA = YES;
				CLANG_WARN_CONSTANT_CONVERSION = YES;
				CLANG_WARN_DEPRECATED_OBJC_IMPLEMENTATIONS = YES;
				CLANG_WARN_DIRECT_OBJC_ISA_USAGE = YES_ERROR;
				CLANG_WARN_DOCUMENTATION_COMMENTS = YES;
				CLANG_WARN_EMPTY_BODY = YES;
				CLANG_WARN_ENUM_CONVERSION = YES;
				CLANG_WARN_INFINITE_RECURSION = YES;
				CLANG_WARN_INT_CONVERSION = YES;
				CLANG_WARN_NON_LITERAL_NULL_CONVERSION = YES;
				CLANG_WARN_OBJC_IMPLICIT_RETAIN_SELF = YES;
				CLANG_WARN_OBJC_LITERAL_CONVERSION = YES;
				CLANG_WARN_OBJC_ROOT_CLASS = YES_ERROR;
				CLANG_WARN_QUOTED_INCLUDE_IN_FRAMEWORK_HEADER = YES;
				CLANG_WARN_RANGE_LOOP_ANALYSIS = YES;
				CLANG_WARN_STRICT_PROTOTYPES = YES;
				CLANG_WARN_SUSPICIOUS_MOVE = YES;
				CLANG_WARN_UNGUARDED_AVAILABILITY = YES_AGGRESSIVE;
				CLANG_WARN_UNREACHABLE_CODE = YES;
				CLANG_WARN__DUPLICATE_METHOD_MATCH = YES;
				COPY_PHASE_STRIP = NO;
				DEBUG_INFORMATION_FORMAT = "dwarf-with-dsym";
				ENABLE_NS_ASSERTIONS = NO;
				ENABLE_STRICT_OBJC_MSGSEND = YES;
				ENABLE_USER_SCRIPT_SANDBOXING = YES;
				GCC_C_LANGUAGE_STANDARD = gnu17;
				GCC_NO_COMMON_BLOCKS = YES;
				GCC_WARN_64_TO_32_BIT_CONVERSION = YES;
				GCC_WARN_ABOUT_RETURN_TYPE = YES_ERROR;
				GCC_WARN_UNDECLARED_SELECTOR = YES;
				GCC_WARN_UNINITIALIZED_AUTOS = YES_AGGRESSIVE;
				GCC_WARN_UNUSED_FUNCTION = YES;
				GCC_WARN_UNUSED_VARIABLE = YES;
				IPHONEOS_DEPLOYMENT_TARGET = 17.0;
				LOCALIZATION_PREFERS_STRING_CATALOGS = YES;
				MTL_ENABLE_DEBUG_INFO = NO;
				MTL_FAST_MATH = YES;
				SDKROOT = iphoneos;
				SWIFT_COMPILATION_MODE = wholemodule;
				VALIDATE_PRODUCT = YES;
			};
			name = Release;
		};
		3941EE692C1FC1CB004E2FDE /* Debug */ = {
			isa = XCBuildConfiguration;
			buildSettings = {
				ASSETCATALOG_COMPILER_APPICON_NAME = AppIcon;
				ASSETCATALOG_COMPILER_GLOBAL_ACCENT_COLOR_NAME = AccentColor;
				CODE_SIGN_STYLE = Automatic;
				CURRENT_PROJECT_VERSION = 1;
				DEVELOPMENT_ASSET_PATHS = "\"NC2-Notification/Preview Content\"";
				DEVELOPMENT_TEAM = D23XDL6TZZ;
				ENABLE_PREVIEWS = YES;
				GENERATE_INFOPLIST_FILE = YES;
				INFOPLIST_FILE = "NC2-Notification/Supporting File/Info.plist";
				INFOPLIST_KEY_CFBundleDisplayName = NotiQuiz;
				INFOPLIST_KEY_UIApplicationSceneManifest_Generation = YES;
				INFOPLIST_KEY_UIApplicationSupportsIndirectInputEvents = YES;
				INFOPLIST_KEY_UILaunchScreen_Generation = YES;
				INFOPLIST_KEY_UISupportedInterfaceOrientations = UIInterfaceOrientationPortrait;
				INFOPLIST_KEY_UISupportedInterfaceOrientations_iPad = "UIInterfaceOrientationLandscapeLeft UIInterfaceOrientationLandscapeRight UIInterfaceOrientationPortrait UIInterfaceOrientationPortraitUpsideDown";
				IPHONEOS_DEPLOYMENT_TARGET = 17.0;
				LD_RUNPATH_SEARCH_PATHS = (
					"$(inherited)",
					"@executable_path/Frameworks",
				);
				MARKETING_VERSION = 1.0;
				PRODUCT_BUNDLE_IDENTIFIER = "com.NC2-Notification";
				PRODUCT_NAME = "$(TARGET_NAME)";
				SUPPORTED_PLATFORMS = "iphoneos iphonesimulator";
				SUPPORTS_MACCATALYST = NO;
				SUPPORTS_MAC_DESIGNED_FOR_IPHONE_IPAD = NO;
				SUPPORTS_XR_DESIGNED_FOR_IPHONE_IPAD = NO;
				SWIFT_EMIT_LOC_STRINGS = YES;
				SWIFT_VERSION = 5.0;
				TARGETED_DEVICE_FAMILY = 1;
			};
			name = Debug;
		};
		3941EE6A2C1FC1CB004E2FDE /* Release */ = {
			isa = XCBuildConfiguration;
			buildSettings = {
				ASSETCATALOG_COMPILER_APPICON_NAME = AppIcon;
				ASSETCATALOG_COMPILER_GLOBAL_ACCENT_COLOR_NAME = AccentColor;
				CODE_SIGN_STYLE = Automatic;
				CURRENT_PROJECT_VERSION = 1;
				DEVELOPMENT_ASSET_PATHS = "\"NC2-Notification/Preview Content\"";
				DEVELOPMENT_TEAM = D23XDL6TZZ;
				ENABLE_PREVIEWS = YES;
				GENERATE_INFOPLIST_FILE = YES;
				INFOPLIST_FILE = "NC2-Notification/Supporting File/Info.plist";
				INFOPLIST_KEY_CFBundleDisplayName = NotiQuiz;
				INFOPLIST_KEY_UIApplicationSceneManifest_Generation = YES;
				INFOPLIST_KEY_UIApplicationSupportsIndirectInputEvents = YES;
				INFOPLIST_KEY_UILaunchScreen_Generation = YES;
				INFOPLIST_KEY_UISupportedInterfaceOrientations = UIInterfaceOrientationPortrait;
				INFOPLIST_KEY_UISupportedInterfaceOrientations_iPad = "UIInterfaceOrientationLandscapeLeft UIInterfaceOrientationLandscapeRight UIInterfaceOrientationPortrait UIInterfaceOrientationPortraitUpsideDown";
				IPHONEOS_DEPLOYMENT_TARGET = 17.0;
				LD_RUNPATH_SEARCH_PATHS = (
					"$(inherited)",
					"@executable_path/Frameworks",
				);
				MARKETING_VERSION = 1.0;
				PRODUCT_BUNDLE_IDENTIFIER = "com.NC2-Notification";
				PRODUCT_NAME = "$(TARGET_NAME)";
				SUPPORTED_PLATFORMS = "iphoneos iphonesimulator";
				SUPPORTS_MACCATALYST = NO;
				SUPPORTS_MAC_DESIGNED_FOR_IPHONE_IPAD = NO;
				SUPPORTS_XR_DESIGNED_FOR_IPHONE_IPAD = NO;
				SWIFT_EMIT_LOC_STRINGS = YES;
				SWIFT_VERSION = 5.0;
				TARGETED_DEVICE_FAMILY = 1;
			};
			name = Release;
		};
/* End XCBuildConfiguration section */

/* Begin XCConfigurationList section */
		3941EE532C1FC1CA004E2FDE /* Build configuration list for PBXProject "NC2-Notification" */ = {
			isa = XCConfigurationList;
			buildConfigurations = (
				3941EE662C1FC1CB004E2FDE /* Debug */,
				3941EE672C1FC1CB004E2FDE /* Release */,
			);
			defaultConfigurationIsVisible = 0;
			defaultConfigurationName = Release;
		};
		3941EE682C1FC1CB004E2FDE /* Build configuration list for PBXNativeTarget "NC2-Notification" */ = {
			isa = XCConfigurationList;
			buildConfigurations = (
				3941EE692C1FC1CB004E2FDE /* Debug */,
				3941EE6A2C1FC1CB004E2FDE /* Release */,
			);
			defaultConfigurationIsVisible = 0;
			defaultConfigurationName = Release;
		};
/* End XCConfigurationList section */
	};
	rootObject = 3941EE502C1FC1CA004E2FDE /* Project object */;
}
